PODS:
  - PiwikTracker (4.2.0):
    - PiwikTracker/Core (= 4.2.0)
  - PiwikTracker/Core (4.2.0)
  - R.swift (4.0.0):
    - R.swift.Library (~> 4.0.0)
  - R.swift.Library (4.0.0)
  - SwiftEventBus (2.1.2)
  - SwiftRecord (0.0.6)

DEPENDENCIES:
  - PiwikTracker (= 4.2.0)
  - R.swift
  - SwiftEventBus (~> 2.1.2)
  - SwiftRecord (= 0.0.6)

SPEC CHECKSUMS:
  PiwikTracker: b2fb6244b20d676e8a3b3bd54381453206651a6b
  R.swift: d6a5ec2f55a8441dc0ed9f1f8b37d7d11ae85c66
  R.swift.Library: c3af34921024333546e23b70e70d0b4e0cffca75
  SwiftEventBus: 9e8f6d8cff2826d66536ec367d17a47299478aa0
  SwiftRecord: 0e323b089f2c84639f7e12aa2c827d85fa871af0

PODFILE CHECKSUM: bfd7897a3d53094d94f637f827058b6c4bdadece

COCOAPODS: 1.3.1
